// !$*UTF8*$!
{
	archiveVersion = 1;
	classes = {
	};
	objectVersion = 46;
	objects = {

/* Begin PBXBuildFile section */
		B6018F221C7023DB00591838 /* FMDatabase.m in Sources */ = {isa = PBXBuildFile; fileRef = B6018F181C7023DB00591838 /* FMDatabase.m */; };
		B6018F231C7023DB00591838 /* FMDatabaseAdditions.m in Sources */ = {isa = PBXBuildFile; fileRef = B6018F1A1C7023DB00591838 /* FMDatabaseAdditions.m */; };
		B6018F241C7023DB00591838 /* FMDatabasePool.m in Sources */ = {isa = PBXBuildFile; fileRef = B6018F1C1C7023DB00591838 /* FMDatabasePool.m */; };
		B6018F251C7023DB00591838 /* FMDatabaseQueue.m in Sources */ = {isa = PBXBuildFile; fileRef = B6018F1E1C7023DB00591838 /* FMDatabaseQueue.m */; };
		B6018F261C7023DB00591838 /* FMResultSet.m in Sources */ = {isa = PBXBuildFile; fileRef = B6018F211C7023DB00591838 /* FMResultSet.m */; };
		B6018F2A1C70240300591838 /* WSDataBase.m in Sources */ = {isa = PBXBuildFile; fileRef = B6018F291C70240300591838 /* WSDataBase.m */; };
		B6018F2C1C70252D00591838 /* libsqlite3.tbd in Frameworks */ = {isa = PBXBuildFile; fileRef = B6018F2B1C70252D00591838 /* libsqlite3.tbd */; };
		B6018F391C7025BA00591838 /* FMDatabase.m in Sources */ = {isa = PBXBuildFile; fileRef = B6018F2F1C7025BA00591838 /* FMDatabase.m */; };
		B6018F3A1C7025BA00591838 /* FMDatabaseAdditions.m in Sources */ = {isa = PBXBuildFile; fileRef = B6018F311C7025BA00591838 /* FMDatabaseAdditions.m */; };
		B6018F3B1C7025BA00591838 /* FMDatabasePool.m in Sources */ = {isa = PBXBuildFile; fileRef = B6018F331C7025BA00591838 /* FMDatabasePool.m */; };
		B6018F3C1C7025BA00591838 /* FMDatabaseQueue.m in Sources */ = {isa = PBXBuildFile; fileRef = B6018F351C7025BA00591838 /* FMDatabaseQueue.m */; };
		B6018F3D1C7025BA00591838 /* FMResultSet.m in Sources */ = {isa = PBXBuildFile; fileRef = B6018F381C7025BA00591838 /* FMResultSet.m */; };
		B6018F3E1C7025E300591838 /* libsqlite3.tbd in Frameworks */ = {isa = PBXBuildFile; fileRef = B6018F2B1C70252D00591838 /* libsqlite3.tbd */; };
		B6018F411C70262700591838 /* WSDataBase.m in Sources */ = {isa = PBXBuildFile; fileRef = B6018F401C70262700591838 /* WSDataBase.m */; };
		B651F04B1C635CB400117CF3 /* main.m in Sources */ = {isa = PBXBuildFile; fileRef = B651F04A1C635CB400117CF3 /* main.m */; };
		B651F04E1C635CB400117CF3 /* AppDelegate.m in Sources */ = {isa = PBXBuildFile; fileRef = B651F04D1C635CB400117CF3 /* AppDelegate.m */; };
		B651F0561C635CB400117CF3 /* Assets.xcassets in Resources */ = {isa = PBXBuildFile; fileRef = B651F0551C635CB400117CF3 /* Assets.xcassets */; };
		B651F0591C635CB400117CF3 /* LaunchScreen.storyboard in Resources */ = {isa = PBXBuildFile; fileRef = B651F0571C635CB400117CF3 /* LaunchScreen.storyboard */; };
		B651F0671C635D1700117CF3 /* NotificationCenter.framework in Frameworks */ = {isa = PBXBuildFile; fileRef = B651F0661C635D1700117CF3 /* NotificationCenter.framework */; };
		B651F06B1C635D1700117CF3 /* TodayViewController.m in Sources */ = {isa = PBXBuildFile; fileRef = B651F06A1C635D1700117CF3 /* TodayViewController.m */; };
		B651F06E1C635D1700117CF3 /* MainInterface.storyboard in Resources */ = {isa = PBXBuildFile; fileRef = B651F06C1C635D1700117CF3 /* MainInterface.storyboard */; };
		B651F0721C635D1700117CF3 /* TodayWidget.appex in Embed App Extensions */ = {isa = PBXBuildFile; fileRef = B651F0641C635D1600117CF3 /* TodayWidget.appex */; settings = {ATTRIBUTES = (RemoveHeadersOnCopy, ); }; };
		B69B93D81C647236007E12EA /* MKAnnotationView+WebCache.m in Sources */ = {isa = PBXBuildFile; fileRef = B69B93B81C647236007E12EA /* MKAnnotationView+WebCache.m */; };
		B69B93D91C647236007E12EA /* NSData+ImageContentType.m in Sources */ = {isa = PBXBuildFile; fileRef = B69B93BA1C647236007E12EA /* NSData+ImageContentType.m */; };
		B69B93DA1C647236007E12EA /* SDImageCache.m in Sources */ = {isa = PBXBuildFile; fileRef = B69B93BC1C647236007E12EA /* SDImageCache.m */; };
		B69B93DB1C647236007E12EA /* SDWebImageCompat.m in Sources */ = {isa = PBXBuildFile; fileRef = B69B93BE1C647236007E12EA /* SDWebImageCompat.m */; };
		B69B93DC1C647236007E12EA /* SDWebImageDecoder.m in Sources */ = {isa = PBXBuildFile; fileRef = B69B93C01C647236007E12EA /* SDWebImageDecoder.m */; };
		B69B93DD1C647236007E12EA /* SDWebImageDownloader.m in Sources */ = {isa = PBXBuildFile; fileRef = B69B93C21C647236007E12EA /* SDWebImageDownloader.m */; };
		B69B93DE1C647236007E12EA /* SDWebImageDownloaderOperation.m in Sources */ = {isa = PBXBuildFile; fileRef = B69B93C41C647236007E12EA /* SDWebImageDownloaderOperation.m */; };
		B69B93DF1C647236007E12EA /* SDWebImageManager.m in Sources */ = {isa = PBXBuildFile; fileRef = B69B93C61C647236007E12EA /* SDWebImageManager.m */; };
		B69B93E01C647236007E12EA /* SDWebImagePrefetcher.m in Sources */ = {isa = PBXBuildFile; fileRef = B69B93C91C647236007E12EA /* SDWebImagePrefetcher.m */; };
		B69B93E11C647236007E12EA /* UIButton+WebCache.m in Sources */ = {isa = PBXBuildFile; fileRef = B69B93CB1C647236007E12EA /* UIButton+WebCache.m */; };
		B69B93E21C647236007E12EA /* UIImage+GIF.m in Sources */ = {isa = PBXBuildFile; fileRef = B69B93CD1C647236007E12EA /* UIImage+GIF.m */; };
		B69B93E31C647236007E12EA /* UIImage+MultiFormat.m in Sources */ = {isa = PBXBuildFile; fileRef = B69B93CF1C647236007E12EA /* UIImage+MultiFormat.m */; };
		B69B93E41C647236007E12EA /* UIImage+WebP.m in Sources */ = {isa = PBXBuildFile; fileRef = B69B93D11C647236007E12EA /* UIImage+WebP.m */; };
		B69B93E51C647236007E12EA /* UIImageView+HighlightedWebCache.m in Sources */ = {isa = PBXBuildFile; fileRef = B69B93D31C647236007E12EA /* UIImageView+HighlightedWebCache.m */; };
		B69B93E71C647236007E12EA /* UIView+WebCacheOperation.m in Sources */ = {isa = PBXBuildFile; fileRef = B69B93D71C647236007E12EA /* UIView+WebCacheOperation.m */; };
		B69B93EB1C647557007E12EA /* avatar.jpg in Resources */ = {isa = PBXBuildFile; fileRef = B69B93EA1C647557007E12EA /* avatar.jpg */; };
		B69B93EF1C647BC0007E12EA /* avatar.jpg in Resources */ = {isa = PBXBuildFile; fileRef = B69B93EE1C647BC0007E12EA /* avatar.jpg */; };
		B69B94FB1C64A03C007E12EA /* Main.storyboard in Resources */ = {isa = PBXBuildFile; fileRef = B69B94F81C64A03C007E12EA /* Main.storyboard */; };
		B69B94FC1C64A03C007E12EA /* RWViewController.m in Sources */ = {isa = PBXBuildFile; fileRef = B69B94FA1C64A03C007E12EA /* RWViewController.m */; };
		B69B953F1C64A7D0007E12EA /* libRWUIControls.a in Frameworks */ = {isa = PBXBuildFile; fileRef = B69B953C1C64A787007E12EA /* libRWUIControls.a */; };
		B6A773821CEF160A00A29748 /* ActionViewController.m in Sources */ = {isa = PBXBuildFile; fileRef = B6A773811CEF160A00A29748 /* ActionViewController.m */; };
		B6A773851CEF160A00A29748 /* MainInterface.storyboard in Resources */ = {isa = PBXBuildFile; fileRef = B6A773831CEF160A00A29748 /* MainInterface.storyboard */; };
		B6A773891CEF160A00A29748 /* ActionExtion.appex in Embed App Extensions */ = {isa = PBXBuildFile; fileRef = B6A7737E1CEF160A00A29748 /* ActionExtion.appex */; settings = {ATTRIBUTES = (RemoveHeadersOnCopy, ); }; };
		B6B256471C7575C00055DCEC /* Assets.xcassets in Resources */ = {isa = PBXBuildFile; fileRef = B651F0551C635CB400117CF3 /* Assets.xcassets */; };
		B6BE24481CF2B2F40064E797 /* music.mp3 in Resources */ = {isa = PBXBuildFile; fileRef = B6BE24471CF2B2F40064E797 /* music.mp3 */; };
		B6BE244A1CF2B32D0064E797 /* pdf.pdf in Resources */ = {isa = PBXBuildFile; fileRef = B6BE24491CF2B32D0064E797 /* pdf.pdf */; };
		B6BE244C1CF2B3D30064E797 /* image.png in Resources */ = {isa = PBXBuildFile; fileRef = B6BE244B1CF2B3D30064E797 /* image.png */; };
		B6BE244E1CF2B4100064E797 /* video.mov in Resources */ = {isa = PBXBuildFile; fileRef = B6BE244D1CF2B4100064E797 /* video.mov */; };
		B6BE24531CF2D23E0064E797 /* QuickLook.framework in Frameworks */ = {isa = PBXBuildFile; fileRef = B6BE24521CF2D23E0064E797 /* QuickLook.framework */; };
		B6BE24591CF2D33A0064E797 /* WSQLPreviewController.m in Sources */ = {isa = PBXBuildFile; fileRef = B6BE24581CF2D33A0064E797 /* WSQLPreviewController.m */; };
		B6BE245C1CF2EF8C0064E797 /* WSDocInteractionTableViewController.m in Sources */ = {isa = PBXBuildFile; fileRef = B6BE245B1CF2EF8C0064E797 /* WSDocInteractionTableViewController.m */; };
		B6BE24611CF2F1430064E797 /* HTML Document.html in Resources */ = {isa = PBXBuildFile; fileRef = B6BE245D1CF2F1430064E797 /* HTML Document.html */; };
		B6BE24621CF2F1430064E797 /* Image Document.jpg in Resources */ = {isa = PBXBuildFile; fileRef = B6BE245E1CF2F1430064E797 /* Image Document.jpg */; };
		B6BE24631CF2F1430064E797 /* PDF Document.pdf in Resources */ = {isa = PBXBuildFile; fileRef = B6BE245F1CF2F1430064E797 /* PDF Document.pdf */; };
		B6BE24641CF2F1430064E797 /* Text Document.txt in Resources */ = {isa = PBXBuildFile; fileRef = B6BE24601CF2F1430064E797 /* Text Document.txt */; };
		B6BE24681CF3017B0064E797 /* DirectoryWatcher.m in Sources */ = {isa = PBXBuildFile; fileRef = B6BE24671CF3017B0064E797 /* DirectoryWatcher.m */; };
/* End PBXBuildFile section */

/* Begin PBXContainerItemProxy section */
		B651F0701C635D1700117CF3 /* PBXContainerItemProxy */ = {
			isa = PBXContainerItemProxy;
			containerPortal = B651F03E1C635CB400117CF3 /* Project object */;
			proxyType = 1;
			remoteGlobalIDString = B651F0631C635D1600117CF3;
			remoteInfo = TodayWidget;
		};
		B69B953B1C64A787007E12EA /* PBXContainerItemProxy */ = {
			isa = PBXContainerItemProxy;
			containerPortal = B69B95371C64A787007E12EA /* RWUIControls.xcodeproj */;
			proxyType = 2;
			remoteGlobalIDString = B69B95191C64A3CF007E12EA;
			remoteInfo = RWUIControls;
		};
		B69B953D1C64A7C7007E12EA /* PBXContainerItemProxy */ = {
			isa = PBXContainerItemProxy;
			containerPortal = B69B95371C64A787007E12EA /* RWUIControls.xcodeproj */;
			proxyType = 1;
			remoteGlobalIDString = B69B95181C64A3CF007E12EA;
			remoteInfo = RWUIControls;
		};
		B6A773871CEF160A00A29748 /* PBXContainerItemProxy */ = {
			isa = PBXContainerItemProxy;
			containerPortal = B651F03E1C635CB400117CF3 /* Project object */;
			proxyType = 1;
			remoteGlobalIDString = B6A7737D1CEF160A00A29748;
			remoteInfo = ActionExtion;
		};
/* End PBXContainerItemProxy section */

/* Begin PBXCopyFilesBuildPhase section */
		B651F0761C635D1700117CF3 /* Embed App Extensions */ = {
			isa = PBXCopyFilesBuildPhase;
			buildActionMask = 2147483647;
			dstPath = "";
			dstSubfolderSpec = 13;
			files = (
				B651F0721C635D1700117CF3 /* TodayWidget.appex in Embed App Extensions */,
				B6A773891CEF160A00A29748 /* ActionExtion.appex in Embed App Extensions */,
			);
			name = "Embed App Extensions";
			runOnlyForDeploymentPostprocessing = 0;
		};
		B69B94331C64857B007E12EA /* Embed Frameworks */ = {
			isa = PBXCopyFilesBuildPhase;
			buildActionMask = 2147483647;
			dstPath = "";
			dstSubfolderSpec = 10;
			files = (
			);
			name = "Embed Frameworks";
			runOnlyForDeploymentPostprocessing = 0;
		};
/* End PBXCopyFilesBuildPhase section */

/* Begin PBXFileReference section */
		B6018F171C7023DB00591838 /* FMDatabase.h */ = {isa = PBXFileReference; fileEncoding = 4; lastKnownFileType = sourcecode.c.h; path = FMDatabase.h; sourceTree = "<group>"; };
		B6018F181C7023DB00591838 /* FMDatabase.m */ = {isa = PBXFileReference; fileEncoding = 4; lastKnownFileType = sourcecode.c.objc; path = FMDatabase.m; sourceTree = "<group>"; };
		B6018F191C7023DB00591838 /* FMDatabaseAdditions.h */ = {isa = PBXFileReference; fileEncoding = 4; lastKnownFileType = sourcecode.c.h; path = FMDatabaseAdditions.h; sourceTree = "<group>"; };
		B6018F1A1C7023DB00591838 /* FMDatabaseAdditions.m */ = {isa = PBXFileReference; fileEncoding = 4; lastKnownFileType = sourcecode.c.objc; path = FMDatabaseAdditions.m; sourceTree = "<group>"; };
		B6018F1B1C7023DB00591838 /* FMDatabasePool.h */ = {isa = PBXFileReference; fileEncoding = 4; lastKnownFileType = sourcecode.c.h; path = FMDatabasePool.h; sourceTree = "<group>"; };
		B6018F1C1C7023DB00591838 /* FMDatabasePool.m */ = {isa = PBXFileReference; fileEncoding = 4; lastKnownFileType = sourcecode.c.objc; path = FMDatabasePool.m; sourceTree = "<group>"; };
		B6018F1D1C7023DB00591838 /* FMDatabaseQueue.h */ = {isa = PBXFileReference; fileEncoding = 4; lastKnownFileType = sourcecode.c.h; path = FMDatabaseQueue.h; sourceTree = "<group>"; };
		B6018F1E1C7023DB00591838 /* FMDatabaseQueue.m */ = {isa = PBXFileReference; fileEncoding = 4; lastKnownFileType = sourcecode.c.objc; path = FMDatabaseQueue.m; sourceTree = "<group>"; };
		B6018F1F1C7023DB00591838 /* FMDB.h */ = {isa = PBXFileReference; fileEncoding = 4; lastKnownFileType = sourcecode.c.h; path = FMDB.h; sourceTree = "<group>"; };
		B6018F201C7023DB00591838 /* FMResultSet.h */ = {isa = PBXFileReference; fileEncoding = 4; lastKnownFileType = sourcecode.c.h; path = FMResultSet.h; sourceTree = "<group>"; };
		B6018F211C7023DB00591838 /* FMResultSet.m */ = {isa = PBXFileReference; fileEncoding = 4; lastKnownFileType = sourcecode.c.objc; path = FMResultSet.m; sourceTree = "<group>"; };
		B6018F281C70240300591838 /* WSDataBase.h */ = {isa = PBXFileReference; fileEncoding = 4; lastKnownFileType = sourcecode.c.h; path = WSDataBase.h; sourceTree = "<group>"; };
		B6018F291C70240300591838 /* WSDataBase.m */ = {isa = PBXFileReference; fileEncoding = 4; lastKnownFileType = sourcecode.c.objc; path = WSDataBase.m; sourceTree = "<group>"; };
		B6018F2B1C70252D00591838 /* libsqlite3.tbd */ = {isa = PBXFileReference; lastKnownFileType = "sourcecode.text-based-dylib-definition"; name = libsqlite3.tbd; path = usr/lib/libsqlite3.tbd; sourceTree = SDKROOT; };
		B6018F2E1C7025BA00591838 /* FMDatabase.h */ = {isa = PBXFileReference; fileEncoding = 4; lastKnownFileType = sourcecode.c.h; path = FMDatabase.h; sourceTree = "<group>"; };
		B6018F2F1C7025BA00591838 /* FMDatabase.m */ = {isa = PBXFileReference; fileEncoding = 4; lastKnownFileType = sourcecode.c.objc; path = FMDatabase.m; sourceTree = "<group>"; };
		B6018F301C7025BA00591838 /* FMDatabaseAdditions.h */ = {isa = PBXFileReference; fileEncoding = 4; lastKnownFileType = sourcecode.c.h; path = FMDatabaseAdditions.h; sourceTree = "<group>"; };
		B6018F311C7025BA00591838 /* FMDatabaseAdditions.m */ = {isa = PBXFileReference; fileEncoding = 4; lastKnownFileType = sourcecode.c.objc; path = FMDatabaseAdditions.m; sourceTree = "<group>"; };
		B6018F321C7025BA00591838 /* FMDatabasePool.h */ = {isa = PBXFileReference; fileEncoding = 4; lastKnownFileType = sourcecode.c.h; path = FMDatabasePool.h; sourceTree = "<group>"; };
		B6018F331C7025BA00591838 /* FMDatabasePool.m */ = {isa = PBXFileReference; fileEncoding = 4; lastKnownFileType = sourcecode.c.objc; path = FMDatabasePool.m; sourceTree = "<group>"; };
		B6018F341C7025BA00591838 /* FMDatabaseQueue.h */ = {isa = PBXFileReference; fileEncoding = 4; lastKnownFileType = sourcecode.c.h; path = FMDatabaseQueue.h; sourceTree = "<group>"; };
		B6018F351C7025BA00591838 /* FMDatabaseQueue.m */ = {isa = PBXFileReference; fileEncoding = 4; lastKnownFileType = sourcecode.c.objc; path = FMDatabaseQueue.m; sourceTree = "<group>"; };
		B6018F361C7025BA00591838 /* FMDB.h */ = {isa = PBXFileReference; fileEncoding = 4; lastKnownFileType = sourcecode.c.h; path = FMDB.h; sourceTree = "<group>"; };
		B6018F371C7025BA00591838 /* FMResultSet.h */ = {isa = PBXFileReference; fileEncoding = 4; lastKnownFileType = sourcecode.c.h; path = FMResultSet.h; sourceTree = "<group>"; };
		B6018F381C7025BA00591838 /* FMResultSet.m */ = {isa = PBXFileReference; fileEncoding = 4; lastKnownFileType = sourcecode.c.objc; path = FMResultSet.m; sourceTree = "<group>"; };
		B6018F3F1C70262700591838 /* WSDataBase.h */ = {isa = PBXFileReference; fileEncoding = 4; lastKnownFileType = sourcecode.c.h; path = WSDataBase.h; sourceTree = "<group>"; };
		B6018F401C70262700591838 /* WSDataBase.m */ = {isa = PBXFileReference; fileEncoding = 4; lastKnownFileType = sourcecode.c.objc; path = WSDataBase.m; sourceTree = "<group>"; };
		B651F0461C635CB400117CF3 /* Widget.app */ = {isa = PBXFileReference; explicitFileType = wrapper.application; includeInIndex = 0; path = Widget.app; sourceTree = BUILT_PRODUCTS_DIR; };
		B651F04A1C635CB400117CF3 /* main.m */ = {isa = PBXFileReference; lastKnownFileType = sourcecode.c.objc; path = main.m; sourceTree = "<group>"; };
		B651F04C1C635CB400117CF3 /* AppDelegate.h */ = {isa = PBXFileReference; lastKnownFileType = sourcecode.c.h; path = AppDelegate.h; sourceTree = "<group>"; };
		B651F04D1C635CB400117CF3 /* AppDelegate.m */ = {isa = PBXFileReference; lastKnownFileType = sourcecode.c.objc; path = AppDelegate.m; sourceTree = "<group>"; };
		B651F0551C635CB400117CF3 /* Assets.xcassets */ = {isa = PBXFileReference; lastKnownFileType = folder.assetcatalog; path = Assets.xcassets; sourceTree = "<group>"; };
		B651F0581C635CB400117CF3 /* Base */ = {isa = PBXFileReference; lastKnownFileType = file.storyboard; name = Base; path = Base.lproj/LaunchScreen.storyboard; sourceTree = "<group>"; };
		B651F05A1C635CB400117CF3 /* Info.plist */ = {isa = PBXFileReference; lastKnownFileType = text.plist.xml; path = Info.plist; sourceTree = "<group>"; };
		B651F0641C635D1600117CF3 /* TodayWidget.appex */ = {isa = PBXFileReference; explicitFileType = "wrapper.app-extension"; includeInIndex = 0; path = TodayWidget.appex; sourceTree = BUILT_PRODUCTS_DIR; };
		B651F0661C635D1700117CF3 /* NotificationCenter.framework */ = {isa = PBXFileReference; lastKnownFileType = wrapper.framework; name = NotificationCenter.framework; path = System/Library/Frameworks/NotificationCenter.framework; sourceTree = SDKROOT; };
		B651F0691C635D1700117CF3 /* TodayViewController.h */ = {isa = PBXFileReference; lastKnownFileType = sourcecode.c.h; path = TodayViewController.h; sourceTree = "<group>"; };
		B651F06A1C635D1700117CF3 /* TodayViewController.m */ = {isa = PBXFileReference; lastKnownFileType = sourcecode.c.objc; path = TodayViewController.m; sourceTree = "<group>"; };
		B651F06D1C635D1700117CF3 /* Base */ = {isa = PBXFileReference; lastKnownFileType = file.storyboard; name = Base; path = Base.lproj/MainInterface.storyboard; sourceTree = "<group>"; };
		B651F06F1C635D1700117CF3 /* Info.plist */ = {isa = PBXFileReference; lastKnownFileType = text.plist.xml; path = Info.plist; sourceTree = "<group>"; };
		B651F0771C64380000117CF3 /* TodayWidget.entitlements */ = {isa = PBXFileReference; lastKnownFileType = text.xml; path = TodayWidget.entitlements; sourceTree = "<group>"; };
		B651F0781C64381B00117CF3 /* Widget.entitlements */ = {isa = PBXFileReference; lastKnownFileType = text.xml; path = Widget.entitlements; sourceTree = "<group>"; };
		B69B93B71C647236007E12EA /* MKAnnotationView+WebCache.h */ = {isa = PBXFileReference; fileEncoding = 4; lastKnownFileType = sourcecode.c.h; path = "MKAnnotationView+WebCache.h"; sourceTree = "<group>"; };
		B69B93B81C647236007E12EA /* MKAnnotationView+WebCache.m */ = {isa = PBXFileReference; fileEncoding = 4; lastKnownFileType = sourcecode.c.objc; path = "MKAnnotationView+WebCache.m"; sourceTree = "<group>"; };
		B69B93B91C647236007E12EA /* NSData+ImageContentType.h */ = {isa = PBXFileReference; fileEncoding = 4; lastKnownFileType = sourcecode.c.h; path = "NSData+ImageContentType.h"; sourceTree = "<group>"; };
		B69B93BA1C647236007E12EA /* NSData+ImageContentType.m */ = {isa = PBXFileReference; fileEncoding = 4; lastKnownFileType = sourcecode.c.objc; path = "NSData+ImageContentType.m"; sourceTree = "<group>"; };
		B69B93BB1C647236007E12EA /* SDImageCache.h */ = {isa = PBXFileReference; fileEncoding = 4; lastKnownFileType = sourcecode.c.h; path = SDImageCache.h; sourceTree = "<group>"; };
		B69B93BC1C647236007E12EA /* SDImageCache.m */ = {isa = PBXFileReference; fileEncoding = 4; lastKnownFileType = sourcecode.c.objc; path = SDImageCache.m; sourceTree = "<group>"; };
		B69B93BD1C647236007E12EA /* SDWebImageCompat.h */ = {isa = PBXFileReference; fileEncoding = 4; lastKnownFileType = sourcecode.c.h; path = SDWebImageCompat.h; sourceTree = "<group>"; };
		B69B93BE1C647236007E12EA /* SDWebImageCompat.m */ = {isa = PBXFileReference; fileEncoding = 4; lastKnownFileType = sourcecode.c.objc; path = SDWebImageCompat.m; sourceTree = "<group>"; };
		B69B93BF1C647236007E12EA /* SDWebImageDecoder.h */ = {isa = PBXFileReference; fileEncoding = 4; lastKnownFileType = sourcecode.c.h; path = SDWebImageDecoder.h; sourceTree = "<group>"; };
		B69B93C01C647236007E12EA /* SDWebImageDecoder.m */ = {isa = PBXFileReference; fileEncoding = 4; lastKnownFileType = sourcecode.c.objc; path = SDWebImageDecoder.m; sourceTree = "<group>"; };
		B69B93C11C647236007E12EA /* SDWebImageDownloader.h */ = {isa = PBXFileReference; fileEncoding = 4; lastKnownFileType = sourcecode.c.h; path = SDWebImageDownloader.h; sourceTree = "<group>"; };
		B69B93C21C647236007E12EA /* SDWebImageDownloader.m */ = {isa = PBXFileReference; fileEncoding = 4; lastKnownFileType = sourcecode.c.objc; path = SDWebImageDownloader.m; sourceTree = "<group>"; };
		B69B93C31C647236007E12EA /* SDWebImageDownloaderOperation.h */ = {isa = PBXFileReference; fileEncoding = 4; lastKnownFileType = sourcecode.c.h; path = SDWebImageDownloaderOperation.h; sourceTree = "<group>"; };
		B69B93C41C647236007E12EA /* SDWebImageDownloaderOperation.m */ = {isa = PBXFileReference; fileEncoding = 4; lastKnownFileType = sourcecode.c.objc; path = SDWebImageDownloaderOperation.m; sourceTree = "<group>"; };
		B69B93C51C647236007E12EA /* SDWebImageManager.h */ = {isa = PBXFileReference; fileEncoding = 4; lastKnownFileType = sourcecode.c.h; path = SDWebImageManager.h; sourceTree = "<group>"; };
		B69B93C61C647236007E12EA /* SDWebImageManager.m */ = {isa = PBXFileReference; fileEncoding = 4; lastKnownFileType = sourcecode.c.objc; path = SDWebImageManager.m; sourceTree = "<group>"; };
		B69B93C71C647236007E12EA /* SDWebImageOperation.h */ = {isa = PBXFileReference; fileEncoding = 4; lastKnownFileType = sourcecode.c.h; path = SDWebImageOperation.h; sourceTree = "<group>"; };
		B69B93C81C647236007E12EA /* SDWebImagePrefetcher.h */ = {isa = PBXFileReference; fileEncoding = 4; lastKnownFileType = sourcecode.c.h; path = SDWebImagePrefetcher.h; sourceTree = "<group>"; };
		B69B93C91C647236007E12EA /* SDWebImagePrefetcher.m */ = {isa = PBXFileReference; fileEncoding = 4; lastKnownFileType = sourcecode.c.objc; path = SDWebImagePrefetcher.m; sourceTree = "<group>"; };
		B69B93CA1C647236007E12EA /* UIButton+WebCache.h */ = {isa = PBXFileReference; fileEncoding = 4; lastKnownFileType = sourcecode.c.h; path = "UIButton+WebCache.h"; sourceTree = "<group>"; };
		B69B93CB1C647236007E12EA /* UIButton+WebCache.m */ = {isa = PBXFileReference; fileEncoding = 4; lastKnownFileType = sourcecode.c.objc; path = "UIButton+WebCache.m"; sourceTree = "<group>"; };
		B69B93CC1C647236007E12EA /* UIImage+GIF.h */ = {isa = PBXFileReference; fileEncoding = 4; lastKnownFileType = sourcecode.c.h; path = "UIImage+GIF.h"; sourceTree = "<group>"; };
		B69B93CD1C647236007E12EA /* UIImage+GIF.m */ = {isa = PBXFileReference; fileEncoding = 4; lastKnownFileType = sourcecode.c.objc; path = "UIImage+GIF.m"; sourceTree = "<group>"; };
		B69B93CE1C647236007E12EA /* UIImage+MultiFormat.h */ = {isa = PBXFileReference; fileEncoding = 4; lastKnownFileType = sourcecode.c.h; path = "UIImage+MultiFormat.h"; sourceTree = "<group>"; };
		B69B93CF1C647236007E12EA /* UIImage+MultiFormat.m */ = {isa = PBXFileReference; fileEncoding = 4; lastKnownFileType = sourcecode.c.objc; path = "UIImage+MultiFormat.m"; sourceTree = "<group>"; };
		B69B93D01C647236007E12EA /* UIImage+WebP.h */ = {isa = PBXFileReference; fileEncoding = 4; lastKnownFileType = sourcecode.c.h; path = "UIImage+WebP.h"; sourceTree = "<group>"; };
		B69B93D11C647236007E12EA /* UIImage+WebP.m */ = {isa = PBXFileReference; fileEncoding = 4; lastKnownFileType = sourcecode.c.objc; path = "UIImage+WebP.m"; sourceTree = "<group>"; };
		B69B93D21C647236007E12EA /* UIImageView+HighlightedWebCache.h */ = {isa = PBXFileReference; fileEncoding = 4; lastKnownFileType = sourcecode.c.h; path = "UIImageView+HighlightedWebCache.h"; sourceTree = "<group>"; };
		B69B93D31C647236007E12EA /* UIImageView+HighlightedWebCache.m */ = {isa = PBXFileReference; fileEncoding = 4; lastKnownFileType = sourcecode.c.objc; path = "UIImageView+HighlightedWebCache.m"; sourceTree = "<group>"; };
		B69B93D41C647236007E12EA /* UIImageView+WebCache.h */ = {isa = PBXFileReference; fileEncoding = 4; lastKnownFileType = sourcecode.c.h; path = "UIImageView+WebCache.h"; sourceTree = "<group>"; };
		B69B93D51C647236007E12EA /* UIImageView+WebCache.m */ = {isa = PBXFileReference; fileEncoding = 4; lastKnownFileType = sourcecode.c.objc; path = "UIImageView+WebCache.m"; sourceTree = "<group>"; };
		B69B93D61C647236007E12EA /* UIView+WebCacheOperation.h */ = {isa = PBXFileReference; fileEncoding = 4; lastKnownFileType = sourcecode.c.h; path = "UIView+WebCacheOperation.h"; sourceTree = "<group>"; };
		B69B93D71C647236007E12EA /* UIView+WebCacheOperation.m */ = {isa = PBXFileReference; fileEncoding = 4; lastKnownFileType = sourcecode.c.objc; path = "UIView+WebCacheOperation.m"; sourceTree = "<group>"; };
		B69B93EA1C647557007E12EA /* avatar.jpg */ = {isa = PBXFileReference; lastKnownFileType = image.jpeg; path = avatar.jpg; sourceTree = "<group>"; };
		B69B93EE1C647BC0007E12EA /* avatar.jpg */ = {isa = PBXFileReference; lastKnownFileType = image.jpeg; path = avatar.jpg; sourceTree = "<group>"; };
		B69B94F81C64A03C007E12EA /* Main.storyboard */ = {isa = PBXFileReference; fileEncoding = 4; lastKnownFileType = file.storyboard; path = Main.storyboard; sourceTree = "<group>"; };
		B69B94F91C64A03C007E12EA /* RWViewController.h */ = {isa = PBXFileReference; fileEncoding = 4; lastKnownFileType = sourcecode.c.h; path = RWViewController.h; sourceTree = "<group>"; };
		B69B94FA1C64A03C007E12EA /* RWViewController.m */ = {isa = PBXFileReference; fileEncoding = 4; lastKnownFileType = sourcecode.c.objc; path = RWViewController.m; sourceTree = "<group>"; };
		B69B95371C64A787007E12EA /* RWUIControls.xcodeproj */ = {isa = PBXFileReference; lastKnownFileType = "wrapper.pb-project"; name = RWUIControls.xcodeproj; path = ../../RWUIControls/RWUIControls.xcodeproj; sourceTree = "<group>"; };
		B6A7737E1CEF160A00A29748 /* ActionExtion.appex */ = {isa = PBXFileReference; explicitFileType = "wrapper.app-extension"; includeInIndex = 0; path = ActionExtion.appex; sourceTree = BUILT_PRODUCTS_DIR; };
		B6A773801CEF160A00A29748 /* ActionViewController.h */ = {isa = PBXFileReference; lastKnownFileType = sourcecode.c.h; path = ActionViewController.h; sourceTree = "<group>"; };
		B6A773811CEF160A00A29748 /* ActionViewController.m */ = {isa = PBXFileReference; lastKnownFileType = sourcecode.c.objc; path = ActionViewController.m; sourceTree = "<group>"; };
		B6A773841CEF160A00A29748 /* Base */ = {isa = PBXFileReference; lastKnownFileType = file.storyboard; name = Base; path = Base.lproj/MainInterface.storyboard; sourceTree = "<group>"; };
		B6A773861CEF160A00A29748 /* Info.plist */ = {isa = PBXFileReference; lastKnownFileType = text.plist.xml; path = Info.plist; sourceTree = "<group>"; };
		B6A7738E1CEF170200A29748 /* ActionExtion.entitlements */ = {isa = PBXFileReference; lastKnownFileType = text.xml; path = ActionExtion.entitlements; sourceTree = "<group>"; };
		B6BE24471CF2B2F40064E797 /* music.mp3 */ = {isa = PBXFileReference; lastKnownFileType = audio.mp3; path = music.mp3; sourceTree = "<group>"; };
		B6BE24491CF2B32D0064E797 /* pdf.pdf */ = {isa = PBXFileReference; lastKnownFileType = image.pdf; path = pdf.pdf; sourceTree = "<group>"; };
		B6BE244B1CF2B3D30064E797 /* image.png */ = {isa = PBXFileReference; lastKnownFileType = image.png; path = image.png; sourceTree = "<group>"; };
		B6BE244D1CF2B4100064E797 /* video.mov */ = {isa = PBXFileReference; lastKnownFileType = video.quicktime; path = video.mov; sourceTree = "<group>"; };
		B6BE24521CF2D23E0064E797 /* QuickLook.framework */ = {isa = PBXFileReference; lastKnownFileType = wrapper.framework; name = QuickLook.framework; path = System/Library/Frameworks/QuickLook.framework; sourceTree = SDKROOT; };
		B6BE24571CF2D33A0064E797 /* WSQLPreviewController.h */ = {isa = PBXFileReference; fileEncoding = 4; lastKnownFileType = sourcecode.c.h; path = WSQLPreviewController.h; sourceTree = "<group>"; };
		B6BE24581CF2D33A0064E797 /* WSQLPreviewController.m */ = {isa = PBXFileReference; fileEncoding = 4; lastKnownFileType = sourcecode.c.objc; path = WSQLPreviewController.m; sourceTree = "<group>"; };
		B6BE245A1CF2EF8C0064E797 /* WSDocInteractionTableViewController.h */ = {isa = PBXFileReference; fileEncoding = 4; lastKnownFileType = sourcecode.c.h; path = WSDocInteractionTableViewController.h; sourceTree = "<group>"; };
		B6BE245B1CF2EF8C0064E797 /* WSDocInteractionTableViewController.m */ = {isa = PBXFileReference; fileEncoding = 4; lastKnownFileType = sourcecode.c.objc; path = WSDocInteractionTableViewController.m; sourceTree = "<group>"; };
		B6BE245D1CF2F1430064E797 /* HTML Document.html */ = {isa = PBXFileReference; fileEncoding = 4; lastKnownFileType = text.html; path = "HTML Document.html"; sourceTree = "<group>"; };
		B6BE245E1CF2F1430064E797 /* Image Document.jpg */ = {isa = PBXFileReference; lastKnownFileType = image.jpeg; path = "Image Document.jpg"; sourceTree = "<group>"; };
		B6BE245F1CF2F1430064E797 /* PDF Document.pdf */ = {isa = PBXFileReference; lastKnownFileType = image.pdf; path = "PDF Document.pdf"; sourceTree = "<group>"; };
		B6BE24601CF2F1430064E797 /* Text Document.txt */ = {isa = PBXFileReference; fileEncoding = 4; lastKnownFileType = text; path = "Text Document.txt"; sourceTree = "<group>"; };
		B6BE24661CF3017B0064E797 /* DirectoryWatcher.h */ = {isa = PBXFileReference; fileEncoding = 4; lastKnownFileType = sourcecode.c.h; path = DirectoryWatcher.h; sourceTree = "<group>"; };
		B6BE24671CF3017B0064E797 /* DirectoryWatcher.m */ = {isa = PBXFileReference; fileEncoding = 4; lastKnownFileType = sourcecode.c.objc; path = DirectoryWatcher.m; sourceTree = "<group>"; };
/* End PBXFileReference section */

/* Begin PBXFrameworksBuildPhase section */
		B651F0431C635CB400117CF3 /* Frameworks */ = {
			isa = PBXFrameworksBuildPhase;
			buildActionMask = 2147483647;
			files = (
				B6BE24531CF2D23E0064E797 /* QuickLook.framework in Frameworks */,
				B6018F2C1C70252D00591838 /* libsqlite3.tbd in Frameworks */,
				B69B953F1C64A7D0007E12EA /* libRWUIControls.a in Frameworks */,
			);
			runOnlyForDeploymentPostprocessing = 0;
		};
		B651F0611C635D1600117CF3 /* Frameworks */ = {
			isa = PBXFrameworksBuildPhase;
			buildActionMask = 2147483647;
			files = (
				B6018F3E1C7025E300591838 /* libsqlite3.tbd in Frameworks */,
				B651F0671C635D1700117CF3 /* NotificationCenter.framework in Frameworks */,
			);
			runOnlyForDeploymentPostprocessing = 0;
		};
		B6A7737B1CEF160A00A29748 /* Frameworks */ = {
			isa = PBXFrameworksBuildPhase;
			buildActionMask = 2147483647;
			files = (
			);
			runOnlyForDeploymentPostprocessing = 0;
		};
/* End PBXFrameworksBuildPhase section */

/* Begin PBXGroup section */
		B6018F161C7023DB00591838 /* FMDB */ = {
			isa = PBXGroup;
			children = (
				B6018F171C7023DB00591838 /* FMDatabase.h */,
				B6018F181C7023DB00591838 /* FMDatabase.m */,
				B6018F191C7023DB00591838 /* FMDatabaseAdditions.h */,
				B6018F1A1C7023DB00591838 /* FMDatabaseAdditions.m */,
				B6018F1B1C7023DB00591838 /* FMDatabasePool.h */,
				B6018F1C1C7023DB00591838 /* FMDatabasePool.m */,
				B6018F1D1C7023DB00591838 /* FMDatabaseQueue.h */,
				B6018F1E1C7023DB00591838 /* FMDatabaseQueue.m */,
				B6018F1F1C7023DB00591838 /* FMDB.h */,
				B6018F201C7023DB00591838 /* FMResultSet.h */,
				B6018F211C7023DB00591838 /* FMResultSet.m */,
			);
			path = FMDB;
			sourceTree = "<group>";
		};
		B6018F2D1C7025BA00591838 /* FMDB */ = {
			isa = PBXGroup;
			children = (
				B6018F2E1C7025BA00591838 /* FMDatabase.h */,
				B6018F2F1C7025BA00591838 /* FMDatabase.m */,
				B6018F301C7025BA00591838 /* FMDatabaseAdditions.h */,
				B6018F311C7025BA00591838 /* FMDatabaseAdditions.m */,
				B6018F321C7025BA00591838 /* FMDatabasePool.h */,
				B6018F331C7025BA00591838 /* FMDatabasePool.m */,
				B6018F341C7025BA00591838 /* FMDatabaseQueue.h */,
				B6018F351C7025BA00591838 /* FMDatabaseQueue.m */,
				B6018F361C7025BA00591838 /* FMDB.h */,
				B6018F371C7025BA00591838 /* FMResultSet.h */,
				B6018F381C7025BA00591838 /* FMResultSet.m */,
			);
			path = FMDB;
			sourceTree = "<group>";
		};
		B651F03D1C635CB400117CF3 = {
			isa = PBXGroup;
			children = (
				B651F0481C635CB400117CF3 /* Widget */,
				B651F0681C635D1700117CF3 /* TodayWidget */,
				B6A7737F1CEF160A00A29748 /* ActionExtion */,
				B651F0651C635D1700117CF3 /* Frameworks */,
				B6BE24451CF2B2D50064E797 /* Resource */,
				B651F0471C635CB400117CF3 /* Products */,
			);
			sourceTree = "<group>";
		};
		B651F0471C635CB400117CF3 /* Products */ = {
			isa = PBXGroup;
			children = (
				B651F0461C635CB400117CF3 /* Widget.app */,
				B651F0641C635D1600117CF3 /* TodayWidget.appex */,
				B6A7737E1CEF160A00A29748 /* ActionExtion.appex */,
			);
			name = Products;
			sourceTree = "<group>";
		};
		B651F0481C635CB400117CF3 /* Widget */ = {
			isa = PBXGroup;
			children = (
				B6018F161C7023DB00591838 /* FMDB */,
				B69B93B61C647236007E12EA /* SDWebImage */,
				B651F0781C64381B00117CF3 /* Widget.entitlements */,
				B6018F281C70240300591838 /* WSDataBase.h */,
				B6018F291C70240300591838 /* WSDataBase.m */,
				B651F04C1C635CB400117CF3 /* AppDelegate.h */,
				B651F04D1C635CB400117CF3 /* AppDelegate.m */,
				B69B95371C64A787007E12EA /* RWUIControls.xcodeproj */,
				B69B94F71C64A03C007E12EA /* DevApp */,
				B6BE24651CF301360064E797 /* AppleCode */,
				B651F0551C635CB400117CF3 /* Assets.xcassets */,
				B651F0571C635CB400117CF3 /* LaunchScreen.storyboard */,
				B651F05A1C635CB400117CF3 /* Info.plist */,
				B651F0491C635CB400117CF3 /* Supporting Files */,
			);
			path = Widget;
			sourceTree = "<group>";
		};
		B651F0491C635CB400117CF3 /* Supporting Files */ = {
			isa = PBXGroup;
			children = (
				B69B93EA1C647557007E12EA /* avatar.jpg */,
				B651F04A1C635CB400117CF3 /* main.m */,
			);
			name = "Supporting Files";
			sourceTree = "<group>";
		};
		B651F0651C635D1700117CF3 /* Frameworks */ = {
			isa = PBXGroup;
			children = (
				B6BE24521CF2D23E0064E797 /* QuickLook.framework */,
				B6018F2B1C70252D00591838 /* libsqlite3.tbd */,
				B651F0661C635D1700117CF3 /* NotificationCenter.framework */,
			);
			name = Frameworks;
			sourceTree = "<group>";
		};
		B651F0681C635D1700117CF3 /* TodayWidget */ = {
			isa = PBXGroup;
			children = (
				B6018F3F1C70262700591838 /* WSDataBase.h */,
				B6018F401C70262700591838 /* WSDataBase.m */,
				B6018F2D1C7025BA00591838 /* FMDB */,
				B651F0771C64380000117CF3 /* TodayWidget.entitlements */,
				B651F0691C635D1700117CF3 /* TodayViewController.h */,
				B651F06A1C635D1700117CF3 /* TodayViewController.m */,
				B69B93EE1C647BC0007E12EA /* avatar.jpg */,
				B651F06C1C635D1700117CF3 /* MainInterface.storyboard */,
				B651F06F1C635D1700117CF3 /* Info.plist */,
			);
			path = TodayWidget;
			sourceTree = "<group>";
		};
		B69B93B61C647236007E12EA /* SDWebImage */ = {
			isa = PBXGroup;
			children = (
				B69B93B71C647236007E12EA /* MKAnnotationView+WebCache.h */,
				B69B93B81C647236007E12EA /* MKAnnotationView+WebCache.m */,
				B69B93B91C647236007E12EA /* NSData+ImageContentType.h */,
				B69B93BA1C647236007E12EA /* NSData+ImageContentType.m */,
				B69B93BB1C647236007E12EA /* SDImageCache.h */,
				B69B93BC1C647236007E12EA /* SDImageCache.m */,
				B69B93BD1C647236007E12EA /* SDWebImageCompat.h */,
				B69B93BE1C647236007E12EA /* SDWebImageCompat.m */,
				B69B93BF1C647236007E12EA /* SDWebImageDecoder.h */,
				B69B93C01C647236007E12EA /* SDWebImageDecoder.m */,
				B69B93C11C647236007E12EA /* SDWebImageDownloader.h */,
				B69B93C21C647236007E12EA /* SDWebImageDownloader.m */,
				B69B93C31C647236007E12EA /* SDWebImageDownloaderOperation.h */,
				B69B93C41C647236007E12EA /* SDWebImageDownloaderOperation.m */,
				B69B93C51C647236007E12EA /* SDWebImageManager.h */,
				B69B93C61C647236007E12EA /* SDWebImageManager.m */,
				B69B93C71C647236007E12EA /* SDWebImageOperation.h */,
				B69B93C81C647236007E12EA /* SDWebImagePrefetcher.h */,
				B69B93C91C647236007E12EA /* SDWebImagePrefetcher.m */,
				B69B93CA1C647236007E12EA /* UIButton+WebCache.h */,
				B69B93CB1C647236007E12EA /* UIButton+WebCache.m */,
				B69B93CC1C647236007E12EA /* UIImage+GIF.h */,
				B69B93CD1C647236007E12EA /* UIImage+GIF.m */,
				B69B93CE1C647236007E12EA /* UIImage+MultiFormat.h */,
				B69B93CF1C647236007E12EA /* UIImage+MultiFormat.m */,
				B69B93D01C647236007E12EA /* UIImage+WebP.h */,
				B69B93D11C647236007E12EA /* UIImage+WebP.m */,
				B69B93D21C647236007E12EA /* UIImageView+HighlightedWebCache.h */,
				B69B93D31C647236007E12EA /* UIImageView+HighlightedWebCache.m */,
				B69B93D41C647236007E12EA /* UIImageView+WebCache.h */,
				B69B93D51C647236007E12EA /* UIImageView+WebCache.m */,
				B69B93D61C647236007E12EA /* UIView+WebCacheOperation.h */,
				B69B93D71C647236007E12EA /* UIView+WebCacheOperation.m */,
			);
			path = SDWebImage;
			sourceTree = "<group>";
		};
		B69B94F71C64A03C007E12EA /* DevApp */ = {
			isa = PBXGroup;
			children = (
				B69B94F81C64A03C007E12EA /* Main.storyboard */,
				B69B94F91C64A03C007E12EA /* RWViewController.h */,
				B69B94FA1C64A03C007E12EA /* RWViewController.m */,
				B6BE24571CF2D33A0064E797 /* WSQLPreviewController.h */,
				B6BE24581CF2D33A0064E797 /* WSQLPreviewController.m */,
				B6BE245A1CF2EF8C0064E797 /* WSDocInteractionTableViewController.h */,
				B6BE245B1CF2EF8C0064E797 /* WSDocInteractionTableViewController.m */,
			);
			path = DevApp;
			sourceTree = "<group>";
		};
		B69B95381C64A787007E12EA /* Products */ = {
			isa = PBXGroup;
			children = (
				B69B953C1C64A787007E12EA /* libRWUIControls.a */,
			);
			name = Products;
			sourceTree = "<group>";
		};
		B6A7737F1CEF160A00A29748 /* ActionExtion */ = {
			isa = PBXGroup;
			children = (
				B6A7738E1CEF170200A29748 /* ActionExtion.entitlements */,
				B6A773801CEF160A00A29748 /* ActionViewController.h */,
				B6A773811CEF160A00A29748 /* ActionViewController.m */,
				B6A773831CEF160A00A29748 /* MainInterface.storyboard */,
				B6A773861CEF160A00A29748 /* Info.plist */,
			);
			path = ActionExtion;
			sourceTree = "<group>";
		};
		B6BE24451CF2B2D50064E797 /* Resource */ = {
			isa = PBXGroup;
			children = (
				B6BE245D1CF2F1430064E797 /* HTML Document.html */,
				B6BE245E1CF2F1430064E797 /* Image Document.jpg */,
				B6BE245F1CF2F1430064E797 /* PDF Document.pdf */,
				B6BE24601CF2F1430064E797 /* Text Document.txt */,
				B6BE244D1CF2B4100064E797 /* video.mov */,
				B6BE24491CF2B32D0064E797 /* pdf.pdf */,
				B6BE24471CF2B2F40064E797 /* music.mp3 */,
				B6BE244B1CF2B3D30064E797 /* image.png */,
			);
			path = Resource;
			sourceTree = "<group>";
		};
		B6BE24651CF301360064E797 /* AppleCode */ = {
			isa = PBXGroup;
			children = (
				B6BE24661CF3017B0064E797 /* DirectoryWatcher.h */,
				B6BE24671CF3017B0064E797 /* DirectoryWatcher.m */,
			);
			path = AppleCode;
			sourceTree = "<group>";
		};
/* End PBXGroup section */

/* Begin PBXNativeTarget section */
		B651F0451C635CB400117CF3 /* Widget */ = {
			isa = PBXNativeTarget;
			buildConfigurationList = B651F05D1C635CB400117CF3 /* Build configuration list for PBXNativeTarget "Widget" */;
			buildPhases = (
				B651F0421C635CB400117CF3 /* Sources */,
				B651F0431C635CB400117CF3 /* Frameworks */,
				B651F0441C635CB400117CF3 /* Resources */,
				B651F0761C635D1700117CF3 /* Embed App Extensions */,
				B69B94331C64857B007E12EA /* Embed Frameworks */,
			);
			buildRules = (
			);
			dependencies = (
				B69B953E1C64A7C7007E12EA /* PBXTargetDependency */,
				B651F0711C635D1700117CF3 /* PBXTargetDependency */,
				B6A773881CEF160A00A29748 /* PBXTargetDependency */,
			);
			name = Widget;
			productName = Widget;
			productReference = B651F0461C635CB400117CF3 /* Widget.app */;
			productType = "com.apple.product-type.application";
		};
		B651F0631C635D1600117CF3 /* TodayWidget */ = {
			isa = PBXNativeTarget;
			buildConfigurationList = B651F0731C635D1700117CF3 /* Build configuration list for PBXNativeTarget "TodayWidget" */;
			buildPhases = (
				B651F0601C635D1600117CF3 /* Sources */,
				B651F0611C635D1600117CF3 /* Frameworks */,
				B651F0621C635D1600117CF3 /* Resources */,
			);
			buildRules = (
			);
			dependencies = (
			);
			name = TodayWidget;
			productName = TodayWidget;
			productReference = B651F0641C635D1600117CF3 /* TodayWidget.appex */;
			productType = "com.apple.product-type.app-extension";
		};
		B6A7737D1CEF160A00A29748 /* ActionExtion */ = {
			isa = PBXNativeTarget;
			buildConfigurationList = B6A7738D1CEF160A00A29748 /* Build configuration list for PBXNativeTarget "ActionExtion" */;
			buildPhases = (
				B6A7737A1CEF160A00A29748 /* Sources */,
				B6A7737B1CEF160A00A29748 /* Frameworks */,
				B6A7737C1CEF160A00A29748 /* Resources */,
			);
			buildRules = (
			);
			dependencies = (
			);
			name = ActionExtion;
			productName = ActionExtion;
			productReference = B6A7737E1CEF160A00A29748 /* ActionExtion.appex */;
			productType = "com.apple.product-type.app-extension";
		};
/* End PBXNativeTarget section */

/* Begin PBXProject section */
		B651F03E1C635CB400117CF3 /* Project object */ = {
			isa = PBXProject;
			attributes = {
				LastUpgradeCheck = 0720;
				ORGANIZATIONNAME = chinanetcenter;
				TargetAttributes = {
					B651F0451C635CB400117CF3 = {
						CreatedOnToolsVersion = 7.2;
						DevelopmentTeam = 3EJNX95B3D;
						SystemCapabilities = {
							com.apple.ApplicationGroups.iOS = {
								enabled = 1;
							};
						};
					};
					B651F0631C635D1600117CF3 = {
						CreatedOnToolsVersion = 7.2;
						DevelopmentTeam = 3EJNX95B3D;
						SystemCapabilities = {
							com.apple.ApplicationGroups.iOS = {
								enabled = 1;
							};
						};
					};
					B6A7737D1CEF160A00A29748 = {
						CreatedOnToolsVersion = 7.3;
						DevelopmentTeam = 8D983AWF36;
						SystemCapabilities = {
							com.apple.ApplicationGroups.iOS = {
								enabled = 1;
							};
						};
					};
				};
			};
			buildConfigurationList = B651F0411C635CB400117CF3 /* Build configuration list for PBXProject "Widget" */;
			compatibilityVersion = "Xcode 3.2";
			developmentRegion = English;
			hasScannedForEncodings = 0;
			knownRegions = (
				en,
				Base,
			);
			mainGroup = B651F03D1C635CB400117CF3;
			productRefGroup = B651F0471C635CB400117CF3 /* Products */;
			projectDirPath = "";
			projectReferences = (
				{
					ProductGroup = B69B95381C64A787007E12EA /* Products */;
					ProjectRef = B69B95371C64A787007E12EA /* RWUIControls.xcodeproj */;
				},
			);
			projectRoot = "";
			targets = (
				B651F0451C635CB400117CF3 /* Widget */,
				B651F0631C635D1600117CF3 /* TodayWidget */,
				B6A7737D1CEF160A00A29748 /* ActionExtion */,
			);
		};
/* End PBXProject section */

/* Begin PBXReferenceProxy section */
		B69B953C1C64A787007E12EA /* libRWUIControls.a */ = {
			isa = PBXReferenceProxy;
			fileType = archive.ar;
			path = libRWUIControls.a;
			remoteRef = B69B953B1C64A787007E12EA /* PBXContainerItemProxy */;
			sourceTree = BUILT_PRODUCTS_DIR;
		};
/* End PBXReferenceProxy section */

/* Begin PBXResourcesBuildPhase section */
		B651F0441C635CB400117CF3 /* Resources */ = {
			isa = PBXResourcesBuildPhase;
			buildActionMask = 2147483647;
			files = (
				B6BE244E1CF2B4100064E797 /* video.mov in Resources */,
				B6BE24631CF2F1430064E797 /* PDF Document.pdf in Resources */,
				B6BE24481CF2B2F40064E797 /* music.mp3 in Resources */,
				B69B93EB1C647557007E12EA /* avatar.jpg in Resources */,
				B6BE244A1CF2B32D0064E797 /* pdf.pdf in Resources */,
				B6BE24611CF2F1430064E797 /* HTML Document.html in Resources */,
				B6BE24621CF2F1430064E797 /* Image Document.jpg in Resources */,
				B651F0591C635CB400117CF3 /* LaunchScreen.storyboard in Resources */,
				B651F0561C635CB400117CF3 /* Assets.xcassets in Resources */,
				B69B94FB1C64A03C007E12EA /* Main.storyboard in Resources */,
				B6BE244C1CF2B3D30064E797 /* image.png in Resources */,
				B6BE24641CF2F1430064E797 /* Text Document.txt in Resources */,
			);
			runOnlyForDeploymentPostprocessing = 0;
		};
		B651F0621C635D1600117CF3 /* Resources */ = {
			isa = PBXResourcesBuildPhase;
			buildActionMask = 2147483647;
			files = (
				B69B93EF1C647BC0007E12EA /* avatar.jpg in Resources */,
				B6B256471C7575C00055DCEC /* Assets.xcassets in Resources */,
				B651F06E1C635D1700117CF3 /* MainInterface.storyboard in Resources */,
			);
			runOnlyForDeploymentPostprocessing = 0;
		};
		B6A7737C1CEF160A00A29748 /* Resources */ = {
			isa = PBXResourcesBuildPhase;
			buildActionMask = 2147483647;
			files = (
				B6A773851CEF160A00A29748 /* MainInterface.storyboard in Resources */,
			);
			runOnlyForDeploymentPostprocessing = 0;
		};
/* End PBXResourcesBuildPhase section */

/* Begin PBXSourcesBuildPhase section */
		B651F0421C635CB400117CF3 /* Sources */ = {
			isa = PBXSourcesBuildPhase;
			buildActionMask = 2147483647;
			files = (
				B69B93E51C647236007E12EA /* UIImageView+HighlightedWebCache.m in Sources */,
				B6018F221C7023DB00591838 /* FMDatabase.m in Sources */,
				B69B94FC1C64A03C007E12EA /* RWViewController.m in Sources */,
				B69B93D91C647236007E12EA /* NSData+ImageContentType.m in Sources */,
				B6018F241C7023DB00591838 /* FMDatabasePool.m in Sources */,
				B69B93DF1C647236007E12EA /* SDWebImageManager.m in Sources */,
				B6BE24591CF2D33A0064E797 /* WSQLPreviewController.m in Sources */,
				B6018F2A1C70240300591838 /* WSDataBase.m in Sources */,
				B69B93DD1C647236007E12EA /* SDWebImageDownloader.m in Sources */,
				B69B93E41C647236007E12EA /* UIImage+WebP.m in Sources */,
				B69B93E71C647236007E12EA /* UIView+WebCacheOperation.m in Sources */,
				B69B93DA1C647236007E12EA /* SDImageCache.m in Sources */,
				B69B93D81C647236007E12EA /* MKAnnotationView+WebCache.m in Sources */,
				B69B93DC1C647236007E12EA /* SDWebImageDecoder.m in Sources */,
				B69B93E31C647236007E12EA /* UIImage+MultiFormat.m in Sources */,
				B69B93DE1C647236007E12EA /* SDWebImageDownloaderOperation.m in Sources */,
				B651F04E1C635CB400117CF3 /* AppDelegate.m in Sources */,
				B6BE24681CF3017B0064E797 /* DirectoryWatcher.m in Sources */,
				B6BE245C1CF2EF8C0064E797 /* WSDocInteractionTableViewController.m in Sources */,
				B69B93E11C647236007E12EA /* UIButton+WebCache.m in Sources */,
				B69B93E01C647236007E12EA /* SDWebImagePrefetcher.m in Sources */,
				B6018F261C7023DB00591838 /* FMResultSet.m in Sources */,
				B69B93DB1C647236007E12EA /* SDWebImageCompat.m in Sources */,
				B69B93E21C647236007E12EA /* UIImage+GIF.m in Sources */,
				B6018F251C7023DB00591838 /* FMDatabaseQueue.m in Sources */,
				B651F04B1C635CB400117CF3 /* main.m in Sources */,
				B6018F231C7023DB00591838 /* FMDatabaseAdditions.m in Sources */,
			);
			runOnlyForDeploymentPostprocessing = 0;
		};
		B651F0601C635D1600117CF3 /* Sources */ = {
			isa = PBXSourcesBuildPhase;
			buildActionMask = 2147483647;
			files = (
				B6018F3D1C7025BA00591838 /* FMResultSet.m in Sources */,
				B6018F3C1C7025BA00591838 /* FMDatabaseQueue.m in Sources */,
				B651F06B1C635D1700117CF3 /* TodayViewController.m in Sources */,
				B6018F3B1C7025BA00591838 /* FMDatabasePool.m in Sources */,
				B6018F391C7025BA00591838 /* FMDatabase.m in Sources */,
				B6018F3A1C7025BA00591838 /* FMDatabaseAdditions.m in Sources */,
				B6018F411C70262700591838 /* WSDataBase.m in Sources */,
			);
			runOnlyForDeploymentPostprocessing = 0;
		};
		B6A7737A1CEF160A00A29748 /* Sources */ = {
			isa = PBXSourcesBuildPhase;
			buildActionMask = 2147483647;
			files = (
				B6A773821CEF160A00A29748 /* ActionViewController.m in Sources */,
			);
			runOnlyForDeploymentPostprocessing = 0;
		};
/* End PBXSourcesBuildPhase section */

/* Begin PBXTargetDependency section */
		B651F0711C635D1700117CF3 /* PBXTargetDependency */ = {
			isa = PBXTargetDependency;
			target = B651F0631C635D1600117CF3 /* TodayWidget */;
			targetProxy = B651F0701C635D1700117CF3 /* PBXContainerItemProxy */;
		};
		B69B953E1C64A7C7007E12EA /* PBXTargetDependency */ = {
			isa = PBXTargetDependency;
			name = RWUIControls;
			targetProxy = B69B953D1C64A7C7007E12EA /* PBXContainerItemProxy */;
		};
		B6A773881CEF160A00A29748 /* PBXTargetDependency */ = {
			isa = PBXTargetDependency;
			target = B6A7737D1CEF160A00A29748 /* ActionExtion */;
			targetProxy = B6A773871CEF160A00A29748 /* PBXContainerItemProxy */;
		};
/* End PBXTargetDependency section */

/* Begin PBXVariantGroup section */
		B651F0571C635CB400117CF3 /* LaunchScreen.storyboard */ = {
			isa = PBXVariantGroup;
			children = (
				B651F0581C635CB400117CF3 /* Base */,
			);
			name = LaunchScreen.storyboard;
			sourceTree = "<group>";
		};
		B651F06C1C635D1700117CF3 /* MainInterface.storyboard */ = {
			isa = PBXVariantGroup;
			children = (
				B651F06D1C635D1700117CF3 /* Base */,
			);
			name = MainInterface.storyboard;
			sourceTree = "<group>";
		};
		B6A773831CEF160A00A29748 /* MainInterface.storyboard */ = {
			isa = PBXVariantGroup;
			children = (
				B6A773841CEF160A00A29748 /* Base */,
			);
			name = MainInterface.storyboard;
			sourceTree = "<group>";
		};
/* End PBXVariantGroup section */

/* Begin XCBuildConfiguration section */
		B651F05B1C635CB400117CF3 /* Debug */ = {
			isa = XCBuildConfiguration;
			buildSettings = {
				ALWAYS_SEARCH_USER_PATHS = NO;
				CLANG_CXX_LANGUAGE_STANDARD = "gnu++0x";
				CLANG_CXX_LIBRARY = "libc++";
				CLANG_ENABLE_MODULES = YES;
				CLANG_ENABLE_OBJC_ARC = YES;
				CLANG_WARN_BOOL_CONVERSION = YES;
				CLANG_WARN_CONSTANT_CONVERSION = YES;
				CLANG_WARN_DIRECT_OBJC_ISA_USAGE = YES_ERROR;
				CLANG_WARN_EMPTY_BODY = YES;
				CLANG_WARN_ENUM_CONVERSION = YES;
				CLANG_WARN_INT_CONVERSION = YES;
				CLANG_WARN_OBJC_ROOT_CLASS = YES_ERROR;
				CLANG_WARN_UNREACHABLE_CODE = YES;
				CLANG_WARN__DUPLICATE_METHOD_MATCH = YES;
				"CODE_SIGN_IDENTITY[sdk=iphoneos*]" = "iPhone Developer";
				COPY_PHASE_STRIP = NO;
				DEBUG_INFORMATION_FORMAT = dwarf;
				ENABLE_STRICT_OBJC_MSGSEND = YES;
				ENABLE_TESTABILITY = YES;
				GCC_C_LANGUAGE_STANDARD = gnu99;
				GCC_DYNAMIC_NO_PIC = NO;
				GCC_NO_COMMON_BLOCKS = YES;
				GCC_OPTIMIZATION_LEVEL = 0;
				GCC_PREPROCESSOR_DEFINITIONS = (
					"DEBUG=1",
					"$(inherited)",
				);
				GCC_WARN_64_TO_32_BIT_CONVERSION = YES;
				GCC_WARN_ABOUT_RETURN_TYPE = YES_ERROR;
				GCC_WARN_UNDECLARED_SELECTOR = YES;
				GCC_WARN_UNINITIALIZED_AUTOS = YES_AGGRESSIVE;
				GCC_WARN_UNUSED_FUNCTION = YES;
				GCC_WARN_UNUSED_VARIABLE = YES;
				IPHONEOS_DEPLOYMENT_TARGET = 8.1;
				MTL_ENABLE_DEBUG_INFO = YES;
				ONLY_ACTIVE_ARCH = YES;
				SDKROOT = iphoneos;
			};
			name = Debug;
		};
		B651F05C1C635CB400117CF3 /* Release */ = {
			isa = XCBuildConfiguration;
			buildSettings = {
				ALWAYS_SEARCH_USER_PATHS = NO;
				CLANG_CXX_LANGUAGE_STANDARD = "gnu++0x";
				CLANG_CXX_LIBRARY = "libc++";
				CLANG_ENABLE_MODULES = YES;
				CLANG_ENABLE_OBJC_ARC = YES;
				CLANG_WARN_BOOL_CONVERSION = YES;
				CLANG_WARN_CONSTANT_CONVERSION = YES;
				CLANG_WARN_DIRECT_OBJC_ISA_USAGE = YES_ERROR;
				CLANG_WARN_EMPTY_BODY = YES;
				CLANG_WARN_ENUM_CONVERSION = YES;
				CLANG_WARN_INT_CONVERSION = YES;
				CLANG_WARN_OBJC_ROOT_CLASS = YES_ERROR;
				CLANG_WARN_UNREACHABLE_CODE = YES;
				CLANG_WARN__DUPLICATE_METHOD_MATCH = YES;
				"CODE_SIGN_IDENTITY[sdk=iphoneos*]" = "iPhone Developer";
				COPY_PHASE_STRIP = NO;
				DEBUG_INFORMATION_FORMAT = "dwarf-with-dsym";
				ENABLE_NS_ASSERTIONS = NO;
				ENABLE_STRICT_OBJC_MSGSEND = YES;
				GCC_C_LANGUAGE_STANDARD = gnu99;
				GCC_NO_COMMON_BLOCKS = YES;
				GCC_WARN_64_TO_32_BIT_CONVERSION = YES;
				GCC_WARN_ABOUT_RETURN_TYPE = YES_ERROR;
				GCC_WARN_UNDECLARED_SELECTOR = YES;
				GCC_WARN_UNINITIALIZED_AUTOS = YES_AGGRESSIVE;
				GCC_WARN_UNUSED_FUNCTION = YES;
				GCC_WARN_UNUSED_VARIABLE = YES;
				IPHONEOS_DEPLOYMENT_TARGET = 8.1;
				MTL_ENABLE_DEBUG_INFO = NO;
				SDKROOT = iphoneos;
				VALIDATE_PRODUCT = YES;
			};
			name = Release;
		};
		B651F05E1C635CB400117CF3 /* Debug */ = {
			isa = XCBuildConfiguration;
			buildSettings = {
				ASSETCATALOG_COMPILER_APPICON_NAME = AppIcon;
				CODE_SIGN_ENTITLEMENTS = Widget/Widget.entitlements;
				CODE_SIGN_IDENTITY = "iPhone Developer";
				"CODE_SIGN_IDENTITY[sdk=iphoneos*]" = "iPhone Developer";
				INFOPLIST_FILE = Widget/Info.plist;
				LD_RUNPATH_SEARCH_PATHS = "$(inherited) @executable_path/Frameworks";
				PRODUCT_BUNDLE_IDENTIFIER = com.chinanetcenter.Widget;
				PRODUCT_NAME = "$(TARGET_NAME)";
				PROVISIONING_PROFILE = "fe4b3d40-8164-4adc-8578-58d4b20fa3f7";
			};
			name = Debug;
		};
		B651F05F1C635CB400117CF3 /* Release */ = {
			isa = XCBuildConfiguration;
			buildSettings = {
				ASSETCATALOG_COMPILER_APPICON_NAME = AppIcon;
				CODE_SIGN_ENTITLEMENTS = Widget/Widget.entitlements;
				CODE_SIGN_IDENTITY = "iPhone Developer";
				"CODE_SIGN_IDENTITY[sdk=iphoneos*]" = "iPhone Developer";
				INFOPLIST_FILE = Widget/Info.plist;
				LD_RUNPATH_SEARCH_PATHS = "$(inherited) @executable_path/Frameworks";
				PRODUCT_BUNDLE_IDENTIFIER = com.chinanetcenter.Widget;
				PRODUCT_NAME = "$(TARGET_NAME)";
				PROVISIONING_PROFILE = "fe4b3d40-8164-4adc-8578-58d4b20fa3f7";
			};
			name = Release;
		};
		B651F0741C635D1700117CF3 /* Debug */ = {
			isa = XCBuildConfiguration;
			buildSettings = {
				CODE_SIGN_ENTITLEMENTS = TodayWidget/TodayWidget.entitlements;
				CODE_SIGN_IDENTITY = "iPhone Developer";
				"CODE_SIGN_IDENTITY[sdk=iphoneos*]" = "iPhone Developer";
				INFOPLIST_FILE = TodayWidget/Info.plist;
				LD_RUNPATH_SEARCH_PATHS = "$(inherited) @executable_path/Frameworks @executable_path/../../Frameworks";
				PRODUCT_BUNDLE_IDENTIFIER = com.chinanetcenter.Widget.TodayWidget;
				PRODUCT_NAME = "$(TARGET_NAME)";
				PROVISIONING_PROFILE = "47e152d6-025a-4e42-b889-4399e5efbf54";
				SKIP_INSTALL = YES;
			};
			name = Debug;
		};
		B651F0751C635D1700117CF3 /* Release */ = {
			isa = XCBuildConfiguration;
			buildSettings = {
				CODE_SIGN_ENTITLEMENTS = TodayWidget/TodayWidget.entitlements;
				CODE_SIGN_IDENTITY = "iPhone Developer";
				"CODE_SIGN_IDENTITY[sdk=iphoneos*]" = "iPhone Developer";
				INFOPLIST_FILE = TodayWidget/Info.plist;
				LD_RUNPATH_SEARCH_PATHS = "$(inherited) @executable_path/Frameworks @executable_path/../../Frameworks";
				PRODUCT_BUNDLE_IDENTIFIER = com.chinanetcenter.Widget.TodayWidget;
				PRODUCT_NAME = "$(TARGET_NAME)";
				PROVISIONING_PROFILE = "47e152d6-025a-4e42-b889-4399e5efbf54";
				SKIP_INSTALL = YES;
			};
			name = Release;
		};
		B6A7738A1CEF160A00A29748 /* Debug */ = {
			isa = XCBuildConfiguration;
			buildSettings = {
				CLANG_ANALYZER_NONNULL = YES;
				CODE_SIGN_ENTITLEMENTS = ActionExtion/ActionExtion.entitlements;
				CODE_SIGN_IDENTITY = "iPhone Developer";
				"CODE_SIGN_IDENTITY[sdk=iphoneos*]" = "iPhone Developer";
				INFOPLIST_FILE = ActionExtion/Info.plist;
				IPHONEOS_DEPLOYMENT_TARGET = 8.1;
				LD_RUNPATH_SEARCH_PATHS = "$(inherited) @executable_path/Frameworks @executable_path/../../Frameworks";
				PRODUCT_BUNDLE_IDENTIFIER = com.chinanetcenter.Widget.WSActionExtion;
				PRODUCT_NAME = "$(TARGET_NAME)";
				SKIP_INSTALL = YES;
			};
			name = Debug;
		};
		B6A7738B1CEF160A00A29748 /* Release */ = {
			isa = XCBuildConfiguration;
			buildSettings = {
				CLANG_ANALYZER_NONNULL = YES;
				CODE_SIGN_ENTITLEMENTS = ActionExtion/ActionExtion.entitlements;
				CODE_SIGN_IDENTITY = "iPhone Developer";
				"CODE_SIGN_IDENTITY[sdk=iphoneos*]" = "iPhone Developer";
				INFOPLIST_FILE = ActionExtion/Info.plist;
				IPHONEOS_DEPLOYMENT_TARGET = 8.1;
				LD_RUNPATH_SEARCH_PATHS = "$(inherited) @executable_path/Frameworks @executable_path/../../Frameworks";
				PRODUCT_BUNDLE_IDENTIFIER = com.chinanetcenter.Widget.WSActionExtion;
				PRODUCT_NAME = "$(TARGET_NAME)";
				SKIP_INSTALL = YES;
			};
			name = Release;
		};
/* End XCBuildConfiguration section */

/* Begin XCConfigurationList section */
		B651F0411C635CB400117CF3 /* Build configuration list for PBXProject "Widget" */ = {
			isa = XCConfigurationList;
			buildConfigurations = (
				B651F05B1C635CB400117CF3 /* Debug */,
				B651F05C1C635CB400117CF3 /* Release */,
			);
			defaultConfigurationIsVisible = 0;
			defaultConfigurationName = Release;
		};
		B651F05D1C635CB400117CF3 /* Build configuration list for PBXNativeTarget "Widget" */ = {
			isa = XCConfigurationList;
			buildConfigurations = (
				B651F05E1C635CB400117CF3 /* Debug */,
				B651F05F1C635CB400117CF3 /* Release */,
			);
			defaultConfigurationIsVisible = 0;
			defaultConfigurationName = Release;
		};
		B651F0731C635D1700117CF3 /* Build configuration list for PBXNativeTarget "TodayWidget" */ = {
			isa = XCConfigurationList;
			buildConfigurations = (
				B651F0741C635D1700117CF3 /* Debug */,
				B651F0751C635D1700117CF3 /* Release */,
			);
			defaultConfigurationIsVisible = 0;
			defaultConfigurationName = Release;
		};
		B6A7738D1CEF160A00A29748 /* Build configuration list for PBXNativeTarget "ActionExtion" */ = {
			isa = XCConfigurationList;
			buildConfigurations = (
				B6A7738A1CEF160A00A29748 /* Debug */,
				B6A7738B1CEF160A00A29748 /* Release */,
			);
			defaultConfigurationIsVisible = 0;
			defaultConfigurationName = Release;
		};
/* End XCConfigurationList section */
	};
	rootObject = B651F03E1C635CB400117CF3 /* Project object */;
}
